# THIS IS AN AUTOGENERATED FILE. DO NOT EDIT THIS FILE DIRECTLY.
# yarn lockfile v1


web-streams-polyfill@^2.1.1:
  version "2.1.1"
  resolved "https://registry.yarnpkg.com/web-streams-polyfill/-/web-streams-polyfill-2.1.1.tgz#2c82b6193849ccb9efaa267772c28260ef68d6d2"
  integrity sha512-dlNpL2aab3g8CKfGz6rl8FNmGaRWLLn2g/DtSc9IjB30mEdE6XxzPfPSig5BwGSzI+oLxHyETrQGKjrVVhbLCg==
